
Microsoft Visual Studio Solution File, Format Version 12.00
# Visual Studio Version 16
VisualStudioVersion = 16.0.30406.217
MinimumVisualStudioVersion = 10.0.40219.1
Project("{9A19103F-16F7-4668-BE54-9A1E7A4F7556}") = "Gateway", "Gateway\Gateway.csproj", "{7745CCA3-9065-4ADF-81FD-1A2489326AF6}"
EndProject
Project("{FAE04EC0-301F-11D3-BF4B-00C04F79EFBC}") = "Client", "Client\Client.csproj", "{43DF85B8-7A4B-4D38-B110-B31B4DFCF254}"
EndProject
Project("{FAE04EC0-301F-11D3-BF4B-00C04F79EFBC}") = "Models", "Models\Models.csproj", "{42382053-12FD-486F-93C5-AF5BB0A4EB20}"
EndProject
Global
	GlobalSection(SolutionConfigurationPlatforms) = preSolution
		Debug|Any CPU = Debug|Any CPU
		Release|Any CPU = Release|Any CPU
	EndGlobalSection
	GlobalSection(ProjectConfigurationPlatforms) = postSolution
		{7745CCA3-9065-4ADF-81FD-1A2489326AF6}.Debug|Any CPU.ActiveCfg = Debug|Any CPU
		{7745CCA3-9065-4ADF-81FD-1A2489326AF6}.Debug|Any CPU.Build.0 = Debug|Any CPU
		{7745CCA3-9065-4ADF-81FD-1A2489326AF6}.Release|Any CPU.ActiveCfg = Release|Any CPU
		{7745CCA3-9065-4ADF-81FD-1A2489326AF6}.Release|Any CPU.Build.0 = Release|Any CPU
		{43DF85B8-7A4B-4D38-B110-B31B4DFCF254}.Debug|Any CPU.ActiveCfg = Debug|Any CPU
		{43DF85B8-7A4B-4D38-B110-B31B4DFCF254}.Debug|Any CPU.Build.0 = Debug|Any CPU
		{43DF85B8-7A4B-4D38-B110-B31B4DFCF254}.Release|Any CPU.ActiveCfg = Release|Any CPU
		{43DF85B8-7A4B-4D38-B110-B31B4DFCF254}.Release|Any CPU.Build.0 = Release|Any CPU
		{42382053-12FD-486F-93C5-AF5BB0A4EB20}.Debug|Any CPU.ActiveCfg = Debug|Any CPU
		{42382053-12FD-486F-93C5-AF5BB0A4EB20}.Debug|Any CPU.Build.0 = Debug|Any CPU
		{42382053-12FD-486F-93C5-AF5BB0A4EB20}.Release|Any CPU.ActiveCfg = Release|Any CPU
		{42382053-12FD-486F-93C5-AF5BB0A4EB20}.Release|Any CPU.Build.0 = Release|Any CPU
	EndGlobalSection
	GlobalSection(SolutionProperties) = preSolution
		HideSolutionNode = FALSE
	EndGlobalSection
	GlobalSection(ExtensibilityGlobals) = postSolution
		SolutionGuid = {FF5F913C-DF5A-4613-94E8-1BE395539E45}
	EndGlobalSection
EndGlobal
